// !$*UTF8*$!
{
	archiveVersion = 1;
	classes = {
	};
	objectVersion = 48;
	objects = {

/* Begin PBXBuildFile section */
		6222632F202CD8FD00B19A05 /* SwiftAlgo.swift in Sources */ = {isa = PBXBuildFile; fileRef = 6222632E202CD8FD00B19A05 /* SwiftAlgo.swift */; };
		62226332202CE14100B19A05 /* CustomTypes.swift in Sources */ = {isa = PBXBuildFile; fileRef = 62226331202CE14100B19A05 /* CustomTypes.swift */; };
		62EA3F7C2022600A00552360 /* main.swift in Sources */ = {isa = PBXBuildFile; fileRef = 62EA3F7B2022600A00552360 /* main.swift */; };
		62EA3F8A202260C100552360 /* SwiftAlgoTestsCount.swift in Sources */ = {isa = PBXBuildFile; fileRef = 62EA3F89202260C100552360 /* SwiftAlgoTestsCount.swift */; };
		97342D6D233507590029C6BB /* SwiftAlgo+Count.swift in Sources */ = {isa = PBXBuildFile; fileRef = 97342D6C233507590029C6BB /* SwiftAlgo+Count.swift */; };
		97342D6E233507F50029C6BB /* SwiftAlgo.swift in Sources */ = {isa = PBXBuildFile; fileRef = 6222632E202CD8FD00B19A05 /* SwiftAlgo.swift */; };
		97342D6F233507F80029C6BB /* SwiftAlgo+Count.swift in Sources */ = {isa = PBXBuildFile; fileRef = 97342D6C233507590029C6BB /* SwiftAlgo+Count.swift */; };
		976A9F8C23428011002373E9 /* SwiftAlgo+FindFirstOf.swift in Sources */ = {isa = PBXBuildFile; fileRef = 976A9F8B23428011002373E9 /* SwiftAlgo+FindFirstOf.swift */; };
		976A9F8D23428018002373E9 /* SwiftAlgo+FindFirstOf.swift in Sources */ = {isa = PBXBuildFile; fileRef = 976A9F8B23428011002373E9 /* SwiftAlgo+FindFirstOf.swift */; };
		976A9F8F234280AE002373E9 /* SwiftAlgoTestsFindFirstOf.swift in Sources */ = {isa = PBXBuildFile; fileRef = 976A9F8E234280AE002373E9 /* SwiftAlgoTestsFindFirstOf.swift */; };
		976A9F91234280F2002373E9 /* TestContainerHelper.swift in Sources */ = {isa = PBXBuildFile; fileRef = 976A9F90234280F2002373E9 /* TestContainerHelper.swift */; };
		976A9F9323428533002373E9 /* SwiftAlgo+Mismatch.swift in Sources */ = {isa = PBXBuildFile; fileRef = 976A9F9223428533002373E9 /* SwiftAlgo+Mismatch.swift */; };
		976A9F9423428533002373E9 /* SwiftAlgo+Mismatch.swift in Sources */ = {isa = PBXBuildFile; fileRef = 976A9F9223428533002373E9 /* SwiftAlgo+Mismatch.swift */; };
		976A9F962342854E002373E9 /* SwiftAlgoTestsMismatch.swift in Sources */ = {isa = PBXBuildFile; fileRef = 976A9F952342854E002373E9 /* SwiftAlgoTestsMismatch.swift */; };
/* End PBXBuildFile section */

/* Begin PBXCopyFilesBuildPhase section */
		62EA3F762022600A00552360 /* CopyFiles */ = {
			isa = PBXCopyFilesBuildPhase;
			buildActionMask = 2147483647;
			dstPath = /usr/share/man/man1/;
			dstSubfolderSpec = 0;
			files = (
			);
			runOnlyForDeploymentPostprocessing = 1;
		};
/* End PBXCopyFilesBuildPhase section */

/* Begin PBXFileReference section */
		6222632E202CD8FD00B19A05 /* SwiftAlgo.swift */ = {isa = PBXFileReference; lastKnownFileType = sourcecode.swift; path = SwiftAlgo.swift; sourceTree = "<group>"; };
		62226331202CE14100B19A05 /* CustomTypes.swift */ = {isa = PBXFileReference; lastKnownFileType = sourcecode.swift; path = CustomTypes.swift; sourceTree = "<group>"; };
		62EA3F782022600A00552360 /* SwiftAlgo */ = {isa = PBXFileReference; explicitFileType = "compiled.mach-o.executable"; includeInIndex = 0; path = SwiftAlgo; sourceTree = BUILT_PRODUCTS_DIR; };
		62EA3F7B2022600A00552360 /* main.swift */ = {isa = PBXFileReference; lastKnownFileType = sourcecode.swift; path = main.swift; sourceTree = "<group>"; };
		62EA3F87202260C100552360 /* SwiftAlgoTests.xctest */ = {isa = PBXFileReference; explicitFileType = wrapper.cfbundle; includeInIndex = 0; path = SwiftAlgoTests.xctest; sourceTree = BUILT_PRODUCTS_DIR; };
		62EA3F89202260C100552360 /* SwiftAlgoTestsCount.swift */ = {isa = PBXFileReference; lastKnownFileType = sourcecode.swift; path = SwiftAlgoTestsCount.swift; sourceTree = "<group>"; };
		62EA3F8B202260C100552360 /* Info.plist */ = {isa = PBXFileReference; lastKnownFileType = text.plist.xml; path = Info.plist; sourceTree = "<group>"; };
		97342D6C233507590029C6BB /* SwiftAlgo+Count.swift */ = {isa = PBXFileReference; lastKnownFileType = sourcecode.swift; path = "SwiftAlgo+Count.swift"; sourceTree = "<group>"; };
		976A9F8B23428011002373E9 /* SwiftAlgo+FindFirstOf.swift */ = {isa = PBXFileReference; lastKnownFileType = sourcecode.swift; path = "SwiftAlgo+FindFirstOf.swift"; sourceTree = "<group>"; };
		976A9F8E234280AE002373E9 /* SwiftAlgoTestsFindFirstOf.swift */ = {isa = PBXFileReference; lastKnownFileType = sourcecode.swift; path = SwiftAlgoTestsFindFirstOf.swift; sourceTree = "<group>"; };
		976A9F90234280F2002373E9 /* TestContainerHelper.swift */ = {isa = PBXFileReference; lastKnownFileType = sourcecode.swift; path = TestContainerHelper.swift; sourceTree = "<group>"; };
		976A9F9223428533002373E9 /* SwiftAlgo+Mismatch.swift */ = {isa = PBXFileReference; lastKnownFileType = sourcecode.swift; path = "SwiftAlgo+Mismatch.swift"; sourceTree = "<group>"; };
		976A9F952342854E002373E9 /* SwiftAlgoTestsMismatch.swift */ = {isa = PBXFileReference; lastKnownFileType = sourcecode.swift; path = SwiftAlgoTestsMismatch.swift; sourceTree = "<group>"; };
/* End PBXFileReference section */

/* Begin PBXFrameworksBuildPhase section */
		62EA3F752022600A00552360 /* Frameworks */ = {
			isa = PBXFrameworksBuildPhase;
			buildActionMask = 2147483647;
			files = (
			);
			runOnlyForDeploymentPostprocessing = 0;
		};
		62EA3F84202260C100552360 /* Frameworks */ = {
			isa = PBXFrameworksBuildPhase;
			buildActionMask = 2147483647;
			files = (
			);
			runOnlyForDeploymentPostprocessing = 0;
		};
/* End PBXFrameworksBuildPhase section */

/* Begin PBXGroup section */
		62EA3F6F2022600A00552360 = {
			isa = PBXGroup;
			children = (
				62EA3F7A2022600A00552360 /* SwiftAlgo */,
				62EA3F88202260C100552360 /* SwiftAlgoTests */,
				62EA3F792022600A00552360 /* Products */,
			);
			sourceTree = "<group>";
		};
		62EA3F792022600A00552360 /* Products */ = {
			isa = PBXGroup;
			children = (
				62EA3F782022600A00552360 /* SwiftAlgo */,
				62EA3F87202260C100552360 /* SwiftAlgoTests.xctest */,
			);
			name = Products;
			sourceTree = "<group>";
		};
		62EA3F7A2022600A00552360 /* SwiftAlgo */ = {
			isa = PBXGroup;
			children = (
				62EA3F822022606200552360 /* Algorithms */,
				62EA3F7B2022600A00552360 /* main.swift */,
			);
			path = SwiftAlgo;
			sourceTree = "<group>";
		};
		62EA3F822022606200552360 /* Algorithms */ = {
			isa = PBXGroup;
			children = (
				6222632E202CD8FD00B19A05 /* SwiftAlgo.swift */,
				97342D6C233507590029C6BB /* SwiftAlgo+Count.swift */,
				976A9F8B23428011002373E9 /* SwiftAlgo+FindFirstOf.swift */,
				976A9F9223428533002373E9 /* SwiftAlgo+Mismatch.swift */,
			);
			path = Algorithms;
			sourceTree = "<group>";
		};
		62EA3F88202260C100552360 /* SwiftAlgoTests */ = {
			isa = PBXGroup;
			children = (
				97342D7023350B6F0029C6BB /* Algorithms */,
				62EA3F8B202260C100552360 /* Info.plist */,
			);
			path = SwiftAlgoTests;
			sourceTree = "<group>";
		};
		97342D7023350B6F0029C6BB /* Algorithms */ = {
			isa = PBXGroup;
			children = (
				62EA3F89202260C100552360 /* SwiftAlgoTestsCount.swift */,
				62226331202CE14100B19A05 /* CustomTypes.swift */,
				976A9F8E234280AE002373E9 /* SwiftAlgoTestsFindFirstOf.swift */,
				976A9F90234280F2002373E9 /* TestContainerHelper.swift */,
				976A9F952342854E002373E9 /* SwiftAlgoTestsMismatch.swift */,
			);
			path = Algorithms;
			sourceTree = "<group>";
		};
/* End PBXGroup section */

/* Begin PBXNativeTarget section */
		62EA3F772022600A00552360 /* SwiftAlgo */ = {
			isa = PBXNativeTarget;
			buildConfigurationList = 62EA3F7F2022600A00552360 /* Build configuration list for PBXNativeTarget "SwiftAlgo" */;
			buildPhases = (
				62EA3F742022600A00552360 /* Sources */,
				62EA3F752022600A00552360 /* Frameworks */,
				62EA3F762022600A00552360 /* CopyFiles */,
			);
			buildRules = (
			);
			dependencies = (
			);
			name = SwiftAlgo;
			productName = SwiftAlgo;
			productReference = 62EA3F782022600A00552360 /* SwiftAlgo */;
			productType = "com.apple.product-type.tool";
		};
		62EA3F86202260C100552360 /* SwiftAlgoTests */ = {
			isa = PBXNativeTarget;
			buildConfigurationList = 62EA3F8C202260C100552360 /* Build configuration list for PBXNativeTarget "SwiftAlgoTests" */;
			buildPhases = (
				62EA3F83202260C100552360 /* Sources */,
				62EA3F84202260C100552360 /* Frameworks */,
				62EA3F85202260C100552360 /* Resources */,
			);
			buildRules = (
			);
			dependencies = (
			);
			name = SwiftAlgoTests;
			productName = SwiftAlgoTests;
			productReference = 62EA3F87202260C100552360 /* SwiftAlgoTests.xctest */;
			productType = "com.apple.product-type.bundle.unit-test";
		};
/* End PBXNativeTarget section */

/* Begin PBXProject section */
		62EA3F702022600A00552360 /* Project object */ = {
			isa = PBXProject;
			attributes = {
				LastSwiftUpdateCheck = 0900;
				LastUpgradeCheck = 0900;
				ORGANIZATIONNAME = Davit;
				TargetAttributes = {
					62EA3F772022600A00552360 = {
						CreatedOnToolsVersion = 9.0;
						ProvisioningStyle = Automatic;
					};
					62EA3F86202260C100552360 = {
						CreatedOnToolsVersion = 9.0;
						ProvisioningStyle = Automatic;
					};
				};
			};
			buildConfigurationList = 62EA3F732022600A00552360 /* Build configuration list for PBXProject "SwiftAlgo" */;
			compatibilityVersion = "Xcode 8.0";
			developmentRegion = en;
			hasScannedForEncodings = 0;
			knownRegions = (
				en,
			);
			mainGroup = 62EA3F6F2022600A00552360;
			productRefGroup = 62EA3F792022600A00552360 /* Products */;
			projectDirPath = "";
			projectRoot = "";
			targets = (
				62EA3F772022600A00552360 /* SwiftAlgo */,
				62EA3F86202260C100552360 /* SwiftAlgoTests */,
			);
		};
/* End PBXProject section */

/* Begin PBXResourcesBuildPhase section */
		62EA3F85202260C100552360 /* Resources */ = {
			isa = PBXResourcesBuildPhase;
			buildActionMask = 2147483647;
			files = (
			);
			runOnlyForDeploymentPostprocessing = 0;
		};
/* End PBXResourcesBuildPhase section */

/* Begin PBXSourcesBuildPhase section */
		62EA3F742022600A00552360 /* Sources */ = {
			isa = PBXSourcesBuildPhase;
			buildActionMask = 2147483647;
			files = (
				97342D6D233507590029C6BB /* SwiftAlgo+Count.swift in Sources */,
				6222632F202CD8FD00B19A05 /* SwiftAlgo.swift in Sources */,
				62EA3F7C2022600A00552360 /* main.swift in Sources */,
				976A9F9323428533002373E9 /* SwiftAlgo+Mismatch.swift in Sources */,
				976A9F8C23428011002373E9 /* SwiftAlgo+FindFirstOf.swift in Sources */,
			);
			runOnlyForDeploymentPostprocessing = 0;
		};
		62EA3F83202260C100552360 /* Sources */ = {
			isa = PBXSourcesBuildPhase;
			buildActionMask = 2147483647;
			files = (
				97342D6F233507F80029C6BB /* SwiftAlgo+Count.swift in Sources */,
				976A9F962342854E002373E9 /* SwiftAlgoTestsMismatch.swift in Sources */,
				976A9F8F234280AE002373E9 /* SwiftAlgoTestsFindFirstOf.swift in Sources */,
				97342D6E233507F50029C6BB /* SwiftAlgo.swift in Sources */,
				62226332202CE14100B19A05 /* CustomTypes.swift in Sources */,
				976A9F9423428533002373E9 /* SwiftAlgo+Mismatch.swift in Sources */,
				62EA3F8A202260C100552360 /* SwiftAlgoTestsCount.swift in Sources */,
				976A9F8D23428018002373E9 /* SwiftAlgo+FindFirstOf.swift in Sources */,
				976A9F91234280F2002373E9 /* TestContainerHelper.swift in Sources */,
			);
			runOnlyForDeploymentPostprocessing = 0;
		};
/* End PBXSourcesBuildPhase section */

/* Begin XCBuildConfiguration section */
		62EA3F7D2022600A00552360 /* Debug */ = {
			isa = XCBuildConfiguration;
			buildSettings = {
				ALWAYS_SEARCH_USER_PATHS = NO;
				CLANG_ANALYZER_NONNULL = YES;
				CLANG_ANALYZER_NUMBER_OBJECT_CONVERSION = YES_AGGRESSIVE;
				CLANG_CXX_LANGUAGE_STANDARD = "gnu++14";
				CLANG_CXX_LIBRARY = "libc++";
				CLANG_ENABLE_MODULES = YES;
				CLANG_ENABLE_OBJC_ARC = YES;
				CLANG_WARN_BLOCK_CAPTURE_AUTORELEASING = YES;
				CLANG_WARN_BOOL_CONVERSION = YES;
				CLANG_WARN_COMMA = YES;
				CLANG_WARN_CONSTANT_CONVERSION = YES;
				CLANG_WARN_DIRECT_OBJC_ISA_USAGE = YES_ERROR;
				CLANG_WARN_DOCUMENTATION_COMMENTS = YES;
				CLANG_WARN_EMPTY_BODY = YES;
				CLANG_WARN_ENUM_CONVERSION = YES;
				CLANG_WARN_INFINITE_RECURSION = YES;
				CLANG_WARN_INT_CONVERSION = YES;
				CLANG_WARN_NON_LITERAL_NULL_CONVERSION = YES;
				CLANG_WARN_OBJC_LITERAL_CONVERSION = YES;
				CLANG_WARN_OBJC_ROOT_CLASS = YES_ERROR;
				CLANG_WARN_RANGE_LOOP_ANALYSIS = YES;
				CLANG_WARN_STRICT_PROTOTYPES = YES;
				CLANG_WARN_SUSPICIOUS_MOVE = YES;
				CLANG_WARN_UNGUARDED_AVAILABILITY = YES_AGGRESSIVE;
				CLANG_WARN_UNREACHABLE_CODE = YES;
				CLANG_WARN__DUPLICATE_METHOD_MATCH = YES;
				CODE_SIGN_IDENTITY = "Mac Developer";
				COPY_PHASE_STRIP = NO;
				DEBUG_INFORMATION_FORMAT = dwarf;
				ENABLE_STRICT_OBJC_MSGSEND = YES;
				ENABLE_TESTABILITY = YES;
				GCC_C_LANGUAGE_STANDARD = gnu11;
				GCC_DYNAMIC_NO_PIC = NO;
				GCC_NO_COMMON_BLOCKS = YES;
				GCC_OPTIMIZATION_LEVEL = 0;
				GCC_PREPROCESSOR_DEFINITIONS = (
					"DEBUG=1",
					"$(inherited)",
				);
				GCC_WARN_64_TO_32_BIT_CONVERSION = YES;
				GCC_WARN_ABOUT_RETURN_TYPE = YES_ERROR;
				GCC_WARN_UNDECLARED_SELECTOR = YES;
				GCC_WARN_UNINITIALIZED_AUTOS = YES_AGGRESSIVE;
				GCC_WARN_UNUSED_FUNCTION = YES;
				GCC_WARN_UNUSED_VARIABLE = YES;
				MACOSX_DEPLOYMENT_TARGET = 10.12;
				MTL_ENABLE_DEBUG_INFO = YES;
				ONLY_ACTIVE_ARCH = YES;
				SDKROOT = macosx;
				SWIFT_ACTIVE_COMPILATION_CONDITIONS = DEBUG;
				SWIFT_OPTIMIZATION_LEVEL = "-Onone";
			};
			name = Debug;
		};
		62EA3F7E2022600A00552360 /* Release */ = {
			isa = XCBuildConfiguration;
			buildSettings = {
				ALWAYS_SEARCH_USER_PATHS = NO;
				CLANG_ANALYZER_NONNULL = YES;
				CLANG_ANALYZER_NUMBER_OBJECT_CONVERSION = YES_AGGRESSIVE;
				CLANG_CXX_LANGUAGE_STANDARD = "gnu++14";
				CLANG_CXX_LIBRARY = "libc++";
				CLANG_ENABLE_MODULES = YES;
				CLANG_ENABLE_OBJC_ARC = YES;
				CLANG_WARN_BLOCK_CAPTURE_AUTORELEASING = YES;
				CLANG_WARN_BOOL_CONVERSION = YES;
				CLANG_WARN_COMMA = YES;
				CLANG_WARN_CONSTANT_CONVERSION = YES;
				CLANG_WARN_DIRECT_OBJC_ISA_USAGE = YES_ERROR;
				CLANG_WARN_DOCUMENTATION_COMMENTS = YES;
				CLANG_WARN_EMPTY_BODY = YES;
				CLANG_WARN_ENUM_CONVERSION = YES;
				CLANG_WARN_INFINITE_RECURSION = YES;
				CLANG_WARN_INT_CONVERSION = YES;
				CLANG_WARN_NON_LITERAL_NULL_CONVERSION = YES;
				CLANG_WARN_OBJC_LITERAL_CONVERSION = YES;
				CLANG_WARN_OBJC_ROOT_CLASS = YES_ERROR;
				CLANG_WARN_RANGE_LOOP_ANALYSIS = YES;
				CLANG_WARN_STRICT_PROTOTYPES = YES;
				CLANG_WARN_SUSPICIOUS_MOVE = YES;
				CLANG_WARN_UNGUARDED_AVAILABILITY = YES_AGGRESSIVE;
				CLANG_WARN_UNREACHABLE_CODE = YES;
				CLANG_WARN__DUPLICATE_METHOD_MATCH = YES;
				CODE_SIGN_IDENTITY = "Mac Developer";
				COPY_PHASE_STRIP = NO;
				DEBUG_INFORMATION_FORMAT = "dwarf-with-dsym";
				ENABLE_NS_ASSERTIONS = NO;
				ENABLE_STRICT_OBJC_MSGSEND = YES;
				GCC_C_LANGUAGE_STANDARD = gnu11;
				GCC_NO_COMMON_BLOCKS = YES;
				GCC_WARN_64_TO_32_BIT_CONVERSION = YES;
				GCC_WARN_ABOUT_RETURN_TYPE = YES_ERROR;
				GCC_WARN_UNDECLARED_SELECTOR = YES;
				GCC_WARN_UNINITIALIZED_AUTOS = YES_AGGRESSIVE;
				GCC_WARN_UNUSED_FUNCTION = YES;
				GCC_WARN_UNUSED_VARIABLE = YES;
				MACOSX_DEPLOYMENT_TARGET = 10.12;
				MTL_ENABLE_DEBUG_INFO = NO;
				SDKROOT = macosx;
				SWIFT_OPTIMIZATION_LEVEL = "-Owholemodule";
			};
			name = Release;
		};
		62EA3F802022600A00552360 /* Debug */ = {
			isa = XCBuildConfiguration;
			buildSettings = {
				CODE_SIGN_STYLE = Automatic;
				DEVELOPMENT_TEAM = SJ6P9J2AKW;
				PRODUCT_NAME = "$(TARGET_NAME)";
				SWIFT_VERSION = 4.0;
			};
			name = Debug;
		};
		62EA3F812022600A00552360 /* Release */ = {
			isa = XCBuildConfiguration;
			buildSettings = {
				CODE_SIGN_STYLE = Automatic;
				DEVELOPMENT_TEAM = SJ6P9J2AKW;
				PRODUCT_NAME = "$(TARGET_NAME)";
				SWIFT_VERSION = 4.0;
			};
			name = Release;
		};
		62EA3F8D202260C100552360 /* Debug */ = {
			isa = XCBuildConfiguration;
			buildSettings = {
				CODE_SIGN_STYLE = Automatic;
				COMBINE_HIDPI_IMAGES = YES;
				DEVELOPMENT_TEAM = SJ6P9J2AKW;
				INFOPLIST_FILE = SwiftAlgoTests/Info.plist;
				LD_RUNPATH_SEARCH_PATHS = "$(inherited) @executable_path/../Frameworks @loader_path/../Frameworks";
				PRODUCT_BUNDLE_IDENTIFIER = Davit.SwiftAlgoTests;
				PRODUCT_NAME = "$(TARGET_NAME)";
				SWIFT_VERSION = 4.0;
			};
			name = Debug;
		};
		62EA3F8E202260C100552360 /* Release */ = {
			isa = XCBuildConfiguration;
			buildSettings = {
				CODE_SIGN_STYLE = Automatic;
				COMBINE_HIDPI_IMAGES = YES;
				DEVELOPMENT_TEAM = SJ6P9J2AKW;
				INFOPLIST_FILE = SwiftAlgoTests/Info.plist;
				LD_RUNPATH_SEARCH_PATHS = "$(inherited) @executable_path/../Frameworks @loader_path/../Frameworks";
				PRODUCT_BUNDLE_IDENTIFIER = Davit.SwiftAlgoTests;
				PRODUCT_NAME = "$(TARGET_NAME)";
				SWIFT_VERSION = 4.0;
			};
			name = Release;
		};
/* End XCBuildConfiguration section */

/* Begin XCConfigurationList section */
		62EA3F732022600A00552360 /* Build configuration list for PBXProject "SwiftAlgo" */ = {
			isa = XCConfigurationList;
			buildConfigurations = (
				62EA3F7D2022600A00552360 /* Debug */,
				62EA3F7E2022600A00552360 /* Release */,
			);
			defaultConfigurationIsVisible = 0;
			defaultConfigurationName = Release;
		};
		62EA3F7F2022600A00552360 /* Build configuration list for PBXNativeTarget "SwiftAlgo" */ = {
			isa = XCConfigurationList;
			buildConfigurations = (
				62EA3F802022600A00552360 /* Debug */,
				62EA3F812022600A00552360 /* Release */,
			);
			defaultConfigurationIsVisible = 0;
			defaultConfigurationName = Release;
		};
		62EA3F8C202260C100552360 /* Build configuration list for PBXNativeTarget "SwiftAlgoTests" */ = {
			isa = XCConfigurationList;
			buildConfigurations = (
				62EA3F8D202260C100552360 /* Debug */,
				62EA3F8E202260C100552360 /* Release */,
			);
			defaultConfigurationIsVisible = 0;
			defaultConfigurationName = Release;
		};
/* End XCConfigurationList section */
	};
	rootObject = 62EA3F702022600A00552360 /* Project object */;
}
